
Microsoft Visual Studio Solution File, Format Version 12.00
Project("{2150E333-8FDC-42A3-9474-1A3956D46DE8}") = "solution items", "solution items", "{9E5B6142-DD6C-4FFD-BF12-61EAFC532F5E}"
	ProjectSection(SolutionItems) = preProject
		.gitignore = .gitignore
		README.md = README.md
	EndProjectSection
EndProject
Project("{2150E333-8FDC-42A3-9474-1A3956D46DE8}") = "src", "src", "{96FAFCB1-DCAC-48A4-B1FC-7EB499107F04}"
EndProject
Project("{FAE04EC0-301F-11D3-BF4B-00C04F79EFBC}") = "ImageResizer.Api", "src\ImageResizer.Api\ImageResizer.Api.csproj", "{C59E23EC-9E26-4FFB-B95A-41B7C5593A5F}"
EndProject
Project("{FAE04EC0-301F-11D3-BF4B-00C04F79EFBC}") = "ImageResizer.Domain", "src\ImageResizer.Domain\ImageResizer.Domain.csproj", "{2D195BF3-BC90-4528-84F7-9815BE4D14AD}"
EndProject
Project("{FAE04EC0-301F-11D3-BF4B-00C04F79EFBC}") = "ImageResizer.Application", "src\ImageResizer.Application\ImageResizer.Application.csproj", "{EA5B4388-B072-45E5-8DE9-A8D23841A50C}"
EndProject
Global
	GlobalSection(SolutionConfigurationPlatforms) = preSolution
		Debug|Any CPU = Debug|Any CPU
		Release|Any CPU = Release|Any CPU
	EndGlobalSection
	GlobalSection(NestedProjects) = preSolution
		{C59E23EC-9E26-4FFB-B95A-41B7C5593A5F} = {96FAFCB1-DCAC-48A4-B1FC-7EB499107F04}
		{2D195BF3-BC90-4528-84F7-9815BE4D14AD} = {96FAFCB1-DCAC-48A4-B1FC-7EB499107F04}
		{EA5B4388-B072-45E5-8DE9-A8D23841A50C} = {96FAFCB1-DCAC-48A4-B1FC-7EB499107F04}
	EndGlobalSection
	GlobalSection(ProjectConfigurationPlatforms) = postSolution
		{C59E23EC-9E26-4FFB-B95A-41B7C5593A5F}.Debug|Any CPU.ActiveCfg = Debug|Any CPU
		{C59E23EC-9E26-4FFB-B95A-41B7C5593A5F}.Debug|Any CPU.Build.0 = Debug|Any CPU
		{C59E23EC-9E26-4FFB-B95A-41B7C5593A5F}.Release|Any CPU.ActiveCfg = Release|Any CPU
		{C59E23EC-9E26-4FFB-B95A-41B7C5593A5F}.Release|Any CPU.Build.0 = Release|Any CPU
		{2D195BF3-BC90-4528-84F7-9815BE4D14AD}.Debug|Any CPU.ActiveCfg = Debug|Any CPU
		{2D195BF3-BC90-4528-84F7-9815BE4D14AD}.Debug|Any CPU.Build.0 = Debug|Any CPU
		{2D195BF3-BC90-4528-84F7-9815BE4D14AD}.Release|Any CPU.ActiveCfg = Release|Any CPU
		{2D195BF3-BC90-4528-84F7-9815BE4D14AD}.Release|Any CPU.Build.0 = Release|Any CPU
		{EA5B4388-B072-45E5-8DE9-A8D23841A50C}.Debug|Any CPU.ActiveCfg = Debug|Any CPU
		{EA5B4388-B072-45E5-8DE9-A8D23841A50C}.Debug|Any CPU.Build.0 = Debug|Any CPU
		{EA5B4388-B072-45E5-8DE9-A8D23841A50C}.Release|Any CPU.ActiveCfg = Release|Any CPU
		{EA5B4388-B072-45E5-8DE9-A8D23841A50C}.Release|Any CPU.Build.0 = Release|Any CPU
	EndGlobalSection
EndGlobal
